{
  "name": "myproject",
  "version": "1.0.0",
  "lockfileVersion": 1,
  "requires": true,
  "dependencies": {
    "react-adal": {
      "version": "0.5.1",
      "resolved": "https://registry.npmjs.org/react-adal/-/react-adal-0.5.1.tgz",
      "integrity": "sha512-9eCZs3RTgfkPSYjO11du3t9/8Tf8rwpi9LRSGccvV1TJy75eMjKNyOB3/0GOJNblpEOBtr5IfzKwzmmte+k3mg==",
      "dev": true
    }
  }
}
